
Microsoft Visual Studio Solution File, Format Version 12.00
# Visual Studio 14
VisualStudioVersion = 14.0.23107.0
MinimumVisualStudioVersion = 10.0.40219.1
Project("{FAE04EC0-301F-11D3-BF4B-00C04F79EFBC}") = "Netfluid", "Netfluid\Netfluid.csproj", "{4A1E586A-1627-469B-A0B9-0E2C48A3BDED}"
EndProject
Project("{FAE04EC0-301F-11D3-BF4B-00C04F79EFBC}") = "GraphCollection", "C:\Users\Matte\Desktop\GraphCollection-master\GraphCollection\GraphCollection.csproj", "{A480A2D8-8A75-46E6-B42B-763888086103}"
EndProject
Project("{FAE04EC0-301F-11D3-BF4B-00C04F79EFBC}") = "Netfluid.WebSite", "..\Netfluid.WebSIte\Netfluid.WebSite.csproj", "{46505E6F-136E-4223-BA39-3B74C13043A1}"
EndProject
Project("{FAE04EC0-301F-11D3-BF4B-00C04F79EFBC}") = "NetfluidAppServer", "..\NFService\appServer\NetfluidAppServer.csproj", "{8C9DA5C3-DC3A-48A5-9C0D-B08C1302B1E0}"
EndProject
Global
	GlobalSection(SolutionConfigurationPlatforms) = preSolution
		Debug|Any CPU = Debug|Any CPU
		Release|Any CPU = Release|Any CPU
	EndGlobalSection
	GlobalSection(ProjectConfigurationPlatforms) = postSolution
		{4A1E586A-1627-469B-A0B9-0E2C48A3BDED}.Debug|Any CPU.ActiveCfg = Debug|Any CPU
		{4A1E586A-1627-469B-A0B9-0E2C48A3BDED}.Debug|Any CPU.Build.0 = Debug|Any CPU
		{4A1E586A-1627-469B-A0B9-0E2C48A3BDED}.Release|Any CPU.ActiveCfg = Release|Any CPU
		{4A1E586A-1627-469B-A0B9-0E2C48A3BDED}.Release|Any CPU.Build.0 = Release|Any CPU
		{A480A2D8-8A75-46E6-B42B-763888086103}.Debug|Any CPU.ActiveCfg = Debug|Any CPU
		{A480A2D8-8A75-46E6-B42B-763888086103}.Debug|Any CPU.Build.0 = Debug|Any CPU
		{A480A2D8-8A75-46E6-B42B-763888086103}.Release|Any CPU.ActiveCfg = Release|Any CPU
		{A480A2D8-8A75-46E6-B42B-763888086103}.Release|Any CPU.Build.0 = Release|Any CPU
		{46505E6F-136E-4223-BA39-3B74C13043A1}.Debug|Any CPU.ActiveCfg = Debug|Any CPU
		{46505E6F-136E-4223-BA39-3B74C13043A1}.Debug|Any CPU.Build.0 = Debug|Any CPU
		{46505E6F-136E-4223-BA39-3B74C13043A1}.Release|Any CPU.ActiveCfg = Release|Any CPU
		{46505E6F-136E-4223-BA39-3B74C13043A1}.Release|Any CPU.Build.0 = Release|Any CPU
		{8C9DA5C3-DC3A-48A5-9C0D-B08C1302B1E0}.Debug|Any CPU.ActiveCfg = Debug|Any CPU
		{8C9DA5C3-DC3A-48A5-9C0D-B08C1302B1E0}.Debug|Any CPU.Build.0 = Debug|Any CPU
		{8C9DA5C3-DC3A-48A5-9C0D-B08C1302B1E0}.Release|Any CPU.ActiveCfg = Release|Any CPU
		{8C9DA5C3-DC3A-48A5-9C0D-B08C1302B1E0}.Release|Any CPU.Build.0 = Release|Any CPU
	EndGlobalSection
	GlobalSection(SolutionProperties) = preSolution
		HideSolutionNode = FALSE
	EndGlobalSection
EndGlobal
