
Microsoft Visual Studio Solution File, Format Version 12.00
# Visual Studio 14
VisualStudioVersion = 14.0.23107.0
MinimumVisualStudioVersion = 10.0.40219.1
Project("{FAE04EC0-301F-11D3-BF4B-00C04F79EFBC}") = "Netfluid", "Netfluid\Netfluid.csproj", "{4A1E586A-1627-469B-A0B9-0E2C48A3BDED}"
EndProject
Project("{FAE04EC0-301F-11D3-BF4B-00C04F79EFBC}") = "NetfluidAppServer", "..\NFService\appServer\NetfluidAppServer.csproj", "{8C9DA5C3-DC3A-48A5-9C0D-B08C1302B1E0}"
EndProject
Project("{FAE04EC0-301F-11D3-BF4B-00C04F79EFBC}") = "AppContainer", "..\NFService\AppContainer\AppContainer.csproj", "{0C8A13DA-3BF6-43CC-A213-FE3DAEC6E369}"
EndProject
Global
	GlobalSection(SolutionConfigurationPlatforms) = preSolution
		Debug|Any CPU = Debug|Any CPU
		Debug|x64 = Debug|x64
		Debug|x86 = Debug|x86
		Release|Any CPU = Release|Any CPU
		Release|x64 = Release|x64
		Release|x86 = Release|x86
		ReleaseBinaries|Any CPU = ReleaseBinaries|Any CPU
		ReleaseBinaries|x64 = ReleaseBinaries|x64
		ReleaseBinaries|x86 = ReleaseBinaries|x86
	EndGlobalSection
	GlobalSection(ProjectConfigurationPlatforms) = postSolution
		{4A1E586A-1627-469B-A0B9-0E2C48A3BDED}.Debug|Any CPU.ActiveCfg = Debug|Any CPU
		{4A1E586A-1627-469B-A0B9-0E2C48A3BDED}.Debug|Any CPU.Build.0 = Debug|Any CPU
		{4A1E586A-1627-469B-A0B9-0E2C48A3BDED}.Debug|x64.ActiveCfg = Debug|Any CPU
		{4A1E586A-1627-469B-A0B9-0E2C48A3BDED}.Debug|x64.Build.0 = Debug|Any CPU
		{4A1E586A-1627-469B-A0B9-0E2C48A3BDED}.Debug|x86.ActiveCfg = Debug|Any CPU
		{4A1E586A-1627-469B-A0B9-0E2C48A3BDED}.Debug|x86.Build.0 = Debug|Any CPU
		{4A1E586A-1627-469B-A0B9-0E2C48A3BDED}.Release|Any CPU.ActiveCfg = Release|Any CPU
		{4A1E586A-1627-469B-A0B9-0E2C48A3BDED}.Release|Any CPU.Build.0 = Release|Any CPU
		{4A1E586A-1627-469B-A0B9-0E2C48A3BDED}.Release|x64.ActiveCfg = Release|Any CPU
		{4A1E586A-1627-469B-A0B9-0E2C48A3BDED}.Release|x64.Build.0 = Release|Any CPU
		{4A1E586A-1627-469B-A0B9-0E2C48A3BDED}.Release|x86.ActiveCfg = Release|Any CPU
		{4A1E586A-1627-469B-A0B9-0E2C48A3BDED}.Release|x86.Build.0 = Release|Any CPU
		{4A1E586A-1627-469B-A0B9-0E2C48A3BDED}.ReleaseBinaries|Any CPU.ActiveCfg = Release|Any CPU
		{4A1E586A-1627-469B-A0B9-0E2C48A3BDED}.ReleaseBinaries|Any CPU.Build.0 = Release|Any CPU
		{4A1E586A-1627-469B-A0B9-0E2C48A3BDED}.ReleaseBinaries|x64.ActiveCfg = Release|Any CPU
		{4A1E586A-1627-469B-A0B9-0E2C48A3BDED}.ReleaseBinaries|x64.Build.0 = Release|Any CPU
		{4A1E586A-1627-469B-A0B9-0E2C48A3BDED}.ReleaseBinaries|x86.ActiveCfg = Release|Any CPU
		{4A1E586A-1627-469B-A0B9-0E2C48A3BDED}.ReleaseBinaries|x86.Build.0 = Release|Any CPU
		{8C9DA5C3-DC3A-48A5-9C0D-B08C1302B1E0}.Debug|Any CPU.ActiveCfg = Debug|Any CPU
		{8C9DA5C3-DC3A-48A5-9C0D-B08C1302B1E0}.Debug|Any CPU.Build.0 = Debug|Any CPU
		{8C9DA5C3-DC3A-48A5-9C0D-B08C1302B1E0}.Debug|x64.ActiveCfg = Debug|x64
		{8C9DA5C3-DC3A-48A5-9C0D-B08C1302B1E0}.Debug|x64.Build.0 = Debug|x64
		{8C9DA5C3-DC3A-48A5-9C0D-B08C1302B1E0}.Debug|x86.ActiveCfg = Debug|x64
		{8C9DA5C3-DC3A-48A5-9C0D-B08C1302B1E0}.Debug|x86.Build.0 = Debug|x64
		{8C9DA5C3-DC3A-48A5-9C0D-B08C1302B1E0}.Release|Any CPU.ActiveCfg = Release|Any CPU
		{8C9DA5C3-DC3A-48A5-9C0D-B08C1302B1E0}.Release|Any CPU.Build.0 = Release|Any CPU
		{8C9DA5C3-DC3A-48A5-9C0D-B08C1302B1E0}.Release|x64.ActiveCfg = Release|x64
		{8C9DA5C3-DC3A-48A5-9C0D-B08C1302B1E0}.Release|x64.Build.0 = Release|x64
		{8C9DA5C3-DC3A-48A5-9C0D-B08C1302B1E0}.Release|x86.ActiveCfg = Release|x86
		{8C9DA5C3-DC3A-48A5-9C0D-B08C1302B1E0}.Release|x86.Build.0 = Release|x86
		{8C9DA5C3-DC3A-48A5-9C0D-B08C1302B1E0}.ReleaseBinaries|Any CPU.ActiveCfg = Release|Any CPU
		{8C9DA5C3-DC3A-48A5-9C0D-B08C1302B1E0}.ReleaseBinaries|Any CPU.Build.0 = Release|Any CPU
		{8C9DA5C3-DC3A-48A5-9C0D-B08C1302B1E0}.ReleaseBinaries|x64.ActiveCfg = Release|x64
		{8C9DA5C3-DC3A-48A5-9C0D-B08C1302B1E0}.ReleaseBinaries|x64.Build.0 = Release|x64
		{8C9DA5C3-DC3A-48A5-9C0D-B08C1302B1E0}.ReleaseBinaries|x86.ActiveCfg = Release|x86
		{8C9DA5C3-DC3A-48A5-9C0D-B08C1302B1E0}.ReleaseBinaries|x86.Build.0 = Release|x86
		{0C8A13DA-3BF6-43CC-A213-FE3DAEC6E369}.Debug|Any CPU.ActiveCfg = Debug|Any CPU
		{0C8A13DA-3BF6-43CC-A213-FE3DAEC6E369}.Debug|Any CPU.Build.0 = Debug|Any CPU
		{0C8A13DA-3BF6-43CC-A213-FE3DAEC6E369}.Debug|x64.ActiveCfg = Debug|Any CPU
		{0C8A13DA-3BF6-43CC-A213-FE3DAEC6E369}.Debug|x64.Build.0 = Debug|Any CPU
		{0C8A13DA-3BF6-43CC-A213-FE3DAEC6E369}.Debug|x86.ActiveCfg = Debug|Any CPU
		{0C8A13DA-3BF6-43CC-A213-FE3DAEC6E369}.Debug|x86.Build.0 = Debug|Any CPU
		{0C8A13DA-3BF6-43CC-A213-FE3DAEC6E369}.Release|Any CPU.ActiveCfg = Release|Any CPU
		{0C8A13DA-3BF6-43CC-A213-FE3DAEC6E369}.Release|Any CPU.Build.0 = Release|Any CPU
		{0C8A13DA-3BF6-43CC-A213-FE3DAEC6E369}.Release|x64.ActiveCfg = Release|Any CPU
		{0C8A13DA-3BF6-43CC-A213-FE3DAEC6E369}.Release|x64.Build.0 = Release|Any CPU
		{0C8A13DA-3BF6-43CC-A213-FE3DAEC6E369}.Release|x86.ActiveCfg = Release|Any CPU
		{0C8A13DA-3BF6-43CC-A213-FE3DAEC6E369}.Release|x86.Build.0 = Release|Any CPU
		{0C8A13DA-3BF6-43CC-A213-FE3DAEC6E369}.ReleaseBinaries|Any CPU.ActiveCfg = Release|Any CPU
		{0C8A13DA-3BF6-43CC-A213-FE3DAEC6E369}.ReleaseBinaries|Any CPU.Build.0 = Release|Any CPU
		{0C8A13DA-3BF6-43CC-A213-FE3DAEC6E369}.ReleaseBinaries|x64.ActiveCfg = Release|Any CPU
		{0C8A13DA-3BF6-43CC-A213-FE3DAEC6E369}.ReleaseBinaries|x64.Build.0 = Release|Any CPU
		{0C8A13DA-3BF6-43CC-A213-FE3DAEC6E369}.ReleaseBinaries|x86.ActiveCfg = Release|Any CPU
		{0C8A13DA-3BF6-43CC-A213-FE3DAEC6E369}.ReleaseBinaries|x86.Build.0 = Release|Any CPU
	EndGlobalSection
	GlobalSection(SolutionProperties) = preSolution
		HideSolutionNode = FALSE
	EndGlobalSection
EndGlobal
