
Microsoft Visual Studio Solution File, Format Version 12.00
# Visual Studio 2013
VisualStudioVersion = 12.0.21005.1
MinimumVisualStudioVersion = 10.0.40219.1
Project("{FAE04EC0-301F-11D3-BF4B-00C04F79EFBC}") = "1.HelloWorld", "1.HelloWorld\1.HelloWorld.csproj", "{FA8936D5-36A3-4825-BCA8-24B685787233}"
EndProject
Project("{2150E333-8FDC-42A3-9474-1A3956D46DE8}") = ".nuget", ".nuget", "{2594FBEF-313C-40C3-9E99-A2E950F69DBF}"
	ProjectSection(SolutionItems) = preProject
		.nuget\packages.config = .nuget\packages.config
	EndProjectSection
EndProject
Project("{FAE04EC0-301F-11D3-BF4B-00C04F79EFBC}") = "3.UserStat", "3.UserStat\3.UserStat.csproj", "{C9513532-349D-42C5-820A-2FFA2E40C859}"
EndProject
Project("{FAE04EC0-301F-11D3-BF4B-00C04F79EFBC}") = "2.Agenda", "2.Agenda\2.Agenda.csproj", "{AC8F9BC1-0B97-4EE3-B127-3D9F76103FFC}"
EndProject
Project("{FAE04EC0-301F-11D3-BF4B-00C04F79EFBC}") = "4.WebSocket", "4.WebSocket\4.WebSocket.csproj", "{32E69144-80CC-4B56-9BD3-A79ECA407BD7}"
EndProject
Project("{FAE04EC0-301F-11D3-BF4B-00C04F79EFBC}") = "NetFluid3", "..\NetFluid\NetFluid3.csproj", "{B215459F-37FF-411C-8E6B-9CDEDB946F93}"
EndProject
Project("{FAE04EC0-301F-11D3-BF4B-00C04F79EFBC}") = "6.Authentication", "6.Authentication\6.Authentication.csproj", "{A84A510D-3947-4299-8283-24791CF896BB}"
EndProject
Project("{FAE04EC0-301F-11D3-BF4B-00C04F79EFBC}") = "7.CSV", "7.CSV\7.CSV.csproj", "{C5CA41CF-F67D-4FED-81EE-B620FD36D101}"
EndProject
Project("{FAE04EC0-301F-11D3-BF4B-00C04F79EFBC}") = "5.Templating", "5.Templating\5.Templating.csproj", "{C43586EF-2DD3-44C6-A719-76525C425868}"
EndProject
Global
	GlobalSection(SolutionConfigurationPlatforms) = preSolution
		Debug|Any CPU = Debug|Any CPU
		net_4_0_Debug|Any CPU = net_4_0_Debug|Any CPU
		net_4_0_Release|Any CPU = net_4_0_Release|Any CPU
		net_4_5_Debug|Any CPU = net_4_5_Debug|Any CPU
		net_4_5_Release|Any CPU = net_4_5_Release|Any CPU
		Release|Any CPU = Release|Any CPU
	EndGlobalSection
	GlobalSection(ProjectConfigurationPlatforms) = postSolution
		{FA8936D5-36A3-4825-BCA8-24B685787233}.Debug|Any CPU.ActiveCfg = Debug|Any CPU
		{FA8936D5-36A3-4825-BCA8-24B685787233}.Debug|Any CPU.Build.0 = Debug|Any CPU
		{FA8936D5-36A3-4825-BCA8-24B685787233}.net_4_0_Debug|Any CPU.ActiveCfg = Debug|Any CPU
		{FA8936D5-36A3-4825-BCA8-24B685787233}.net_4_0_Debug|Any CPU.Build.0 = Debug|Any CPU
		{FA8936D5-36A3-4825-BCA8-24B685787233}.net_4_0_Release|Any CPU.ActiveCfg = Release|Any CPU
		{FA8936D5-36A3-4825-BCA8-24B685787233}.net_4_0_Release|Any CPU.Build.0 = Release|Any CPU
		{FA8936D5-36A3-4825-BCA8-24B685787233}.net_4_5_Debug|Any CPU.ActiveCfg = Debug|Any CPU
		{FA8936D5-36A3-4825-BCA8-24B685787233}.net_4_5_Debug|Any CPU.Build.0 = Debug|Any CPU
		{FA8936D5-36A3-4825-BCA8-24B685787233}.net_4_5_Release|Any CPU.ActiveCfg = Release|Any CPU
		{FA8936D5-36A3-4825-BCA8-24B685787233}.net_4_5_Release|Any CPU.Build.0 = Release|Any CPU
		{FA8936D5-36A3-4825-BCA8-24B685787233}.Release|Any CPU.ActiveCfg = Release|Any CPU
		{FA8936D5-36A3-4825-BCA8-24B685787233}.Release|Any CPU.Build.0 = Release|Any CPU
		{C9513532-349D-42C5-820A-2FFA2E40C859}.Debug|Any CPU.ActiveCfg = Debug|Any CPU
		{C9513532-349D-42C5-820A-2FFA2E40C859}.Debug|Any CPU.Build.0 = Debug|Any CPU
		{C9513532-349D-42C5-820A-2FFA2E40C859}.net_4_0_Debug|Any CPU.ActiveCfg = Debug|Any CPU
		{C9513532-349D-42C5-820A-2FFA2E40C859}.net_4_0_Debug|Any CPU.Build.0 = Debug|Any CPU
		{C9513532-349D-42C5-820A-2FFA2E40C859}.net_4_0_Release|Any CPU.ActiveCfg = Release|Any CPU
		{C9513532-349D-42C5-820A-2FFA2E40C859}.net_4_0_Release|Any CPU.Build.0 = Release|Any CPU
		{C9513532-349D-42C5-820A-2FFA2E40C859}.net_4_5_Debug|Any CPU.ActiveCfg = Debug|Any CPU
		{C9513532-349D-42C5-820A-2FFA2E40C859}.net_4_5_Debug|Any CPU.Build.0 = Debug|Any CPU
		{C9513532-349D-42C5-820A-2FFA2E40C859}.net_4_5_Release|Any CPU.ActiveCfg = Release|Any CPU
		{C9513532-349D-42C5-820A-2FFA2E40C859}.net_4_5_Release|Any CPU.Build.0 = Release|Any CPU
		{C9513532-349D-42C5-820A-2FFA2E40C859}.Release|Any CPU.ActiveCfg = Release|Any CPU
		{C9513532-349D-42C5-820A-2FFA2E40C859}.Release|Any CPU.Build.0 = Release|Any CPU
		{AC8F9BC1-0B97-4EE3-B127-3D9F76103FFC}.Debug|Any CPU.ActiveCfg = Debug|Any CPU
		{AC8F9BC1-0B97-4EE3-B127-3D9F76103FFC}.Debug|Any CPU.Build.0 = Debug|Any CPU
		{AC8F9BC1-0B97-4EE3-B127-3D9F76103FFC}.net_4_0_Debug|Any CPU.ActiveCfg = Debug|Any CPU
		{AC8F9BC1-0B97-4EE3-B127-3D9F76103FFC}.net_4_0_Debug|Any CPU.Build.0 = Debug|Any CPU
		{AC8F9BC1-0B97-4EE3-B127-3D9F76103FFC}.net_4_0_Release|Any CPU.ActiveCfg = Release|Any CPU
		{AC8F9BC1-0B97-4EE3-B127-3D9F76103FFC}.net_4_0_Release|Any CPU.Build.0 = Release|Any CPU
		{AC8F9BC1-0B97-4EE3-B127-3D9F76103FFC}.net_4_5_Debug|Any CPU.ActiveCfg = Debug|Any CPU
		{AC8F9BC1-0B97-4EE3-B127-3D9F76103FFC}.net_4_5_Debug|Any CPU.Build.0 = Debug|Any CPU
		{AC8F9BC1-0B97-4EE3-B127-3D9F76103FFC}.net_4_5_Release|Any CPU.ActiveCfg = Release|Any CPU
		{AC8F9BC1-0B97-4EE3-B127-3D9F76103FFC}.net_4_5_Release|Any CPU.Build.0 = Release|Any CPU
		{AC8F9BC1-0B97-4EE3-B127-3D9F76103FFC}.Release|Any CPU.ActiveCfg = Release|Any CPU
		{AC8F9BC1-0B97-4EE3-B127-3D9F76103FFC}.Release|Any CPU.Build.0 = Release|Any CPU
		{32E69144-80CC-4B56-9BD3-A79ECA407BD7}.Debug|Any CPU.ActiveCfg = Debug|Any CPU
		{32E69144-80CC-4B56-9BD3-A79ECA407BD7}.Debug|Any CPU.Build.0 = Debug|Any CPU
		{32E69144-80CC-4B56-9BD3-A79ECA407BD7}.net_4_0_Debug|Any CPU.ActiveCfg = Debug|Any CPU
		{32E69144-80CC-4B56-9BD3-A79ECA407BD7}.net_4_0_Debug|Any CPU.Build.0 = Debug|Any CPU
		{32E69144-80CC-4B56-9BD3-A79ECA407BD7}.net_4_0_Release|Any CPU.ActiveCfg = Release|Any CPU
		{32E69144-80CC-4B56-9BD3-A79ECA407BD7}.net_4_0_Release|Any CPU.Build.0 = Release|Any CPU
		{32E69144-80CC-4B56-9BD3-A79ECA407BD7}.net_4_5_Debug|Any CPU.ActiveCfg = Debug|Any CPU
		{32E69144-80CC-4B56-9BD3-A79ECA407BD7}.net_4_5_Debug|Any CPU.Build.0 = Debug|Any CPU
		{32E69144-80CC-4B56-9BD3-A79ECA407BD7}.net_4_5_Release|Any CPU.ActiveCfg = Release|Any CPU
		{32E69144-80CC-4B56-9BD3-A79ECA407BD7}.net_4_5_Release|Any CPU.Build.0 = Release|Any CPU
		{32E69144-80CC-4B56-9BD3-A79ECA407BD7}.Release|Any CPU.ActiveCfg = Release|Any CPU
		{32E69144-80CC-4B56-9BD3-A79ECA407BD7}.Release|Any CPU.Build.0 = Release|Any CPU
		{B215459F-37FF-411C-8E6B-9CDEDB946F93}.Debug|Any CPU.ActiveCfg = net_4_5_Debug|Any CPU
		{B215459F-37FF-411C-8E6B-9CDEDB946F93}.Debug|Any CPU.Build.0 = net_4_5_Debug|Any CPU
		{B215459F-37FF-411C-8E6B-9CDEDB946F93}.net_4_0_Debug|Any CPU.ActiveCfg = net_4_0_Debug|Any CPU
		{B215459F-37FF-411C-8E6B-9CDEDB946F93}.net_4_0_Debug|Any CPU.Build.0 = net_4_0_Debug|Any CPU
		{B215459F-37FF-411C-8E6B-9CDEDB946F93}.net_4_0_Release|Any CPU.ActiveCfg = net_4_0_Release|Any CPU
		{B215459F-37FF-411C-8E6B-9CDEDB946F93}.net_4_0_Release|Any CPU.Build.0 = net_4_0_Release|Any CPU
		{B215459F-37FF-411C-8E6B-9CDEDB946F93}.net_4_5_Debug|Any CPU.ActiveCfg = net_4_5_Debug|Any CPU
		{B215459F-37FF-411C-8E6B-9CDEDB946F93}.net_4_5_Debug|Any CPU.Build.0 = net_4_5_Debug|Any CPU
		{B215459F-37FF-411C-8E6B-9CDEDB946F93}.net_4_5_Release|Any CPU.ActiveCfg = net_4_5_Release|Any CPU
		{B215459F-37FF-411C-8E6B-9CDEDB946F93}.net_4_5_Release|Any CPU.Build.0 = net_4_5_Release|Any CPU
		{B215459F-37FF-411C-8E6B-9CDEDB946F93}.Release|Any CPU.ActiveCfg = net_4_5_Release|Any CPU
		{B215459F-37FF-411C-8E6B-9CDEDB946F93}.Release|Any CPU.Build.0 = net_4_5_Release|Any CPU
		{A84A510D-3947-4299-8283-24791CF896BB}.Debug|Any CPU.ActiveCfg = Debug|Any CPU
		{A84A510D-3947-4299-8283-24791CF896BB}.Debug|Any CPU.Build.0 = Debug|Any CPU
		{A84A510D-3947-4299-8283-24791CF896BB}.net_4_0_Debug|Any CPU.ActiveCfg = Debug|Any CPU
		{A84A510D-3947-4299-8283-24791CF896BB}.net_4_0_Debug|Any CPU.Build.0 = Debug|Any CPU
		{A84A510D-3947-4299-8283-24791CF896BB}.net_4_0_Release|Any CPU.ActiveCfg = Release|Any CPU
		{A84A510D-3947-4299-8283-24791CF896BB}.net_4_0_Release|Any CPU.Build.0 = Release|Any CPU
		{A84A510D-3947-4299-8283-24791CF896BB}.net_4_5_Debug|Any CPU.ActiveCfg = Debug|Any CPU
		{A84A510D-3947-4299-8283-24791CF896BB}.net_4_5_Debug|Any CPU.Build.0 = Debug|Any CPU
		{A84A510D-3947-4299-8283-24791CF896BB}.net_4_5_Release|Any CPU.ActiveCfg = Release|Any CPU
		{A84A510D-3947-4299-8283-24791CF896BB}.net_4_5_Release|Any CPU.Build.0 = Release|Any CPU
		{A84A510D-3947-4299-8283-24791CF896BB}.Release|Any CPU.ActiveCfg = Release|Any CPU
		{A84A510D-3947-4299-8283-24791CF896BB}.Release|Any CPU.Build.0 = Release|Any CPU
		{C5CA41CF-F67D-4FED-81EE-B620FD36D101}.Debug|Any CPU.ActiveCfg = Debug|Any CPU
		{C5CA41CF-F67D-4FED-81EE-B620FD36D101}.Debug|Any CPU.Build.0 = Debug|Any CPU
		{C5CA41CF-F67D-4FED-81EE-B620FD36D101}.net_4_0_Debug|Any CPU.ActiveCfg = Debug|Any CPU
		{C5CA41CF-F67D-4FED-81EE-B620FD36D101}.net_4_0_Debug|Any CPU.Build.0 = Debug|Any CPU
		{C5CA41CF-F67D-4FED-81EE-B620FD36D101}.net_4_0_Release|Any CPU.ActiveCfg = Release|Any CPU
		{C5CA41CF-F67D-4FED-81EE-B620FD36D101}.net_4_0_Release|Any CPU.Build.0 = Release|Any CPU
		{C5CA41CF-F67D-4FED-81EE-B620FD36D101}.net_4_5_Debug|Any CPU.ActiveCfg = Debug|Any CPU
		{C5CA41CF-F67D-4FED-81EE-B620FD36D101}.net_4_5_Debug|Any CPU.Build.0 = Debug|Any CPU
		{C5CA41CF-F67D-4FED-81EE-B620FD36D101}.net_4_5_Release|Any CPU.ActiveCfg = Release|Any CPU
		{C5CA41CF-F67D-4FED-81EE-B620FD36D101}.net_4_5_Release|Any CPU.Build.0 = Release|Any CPU
		{C5CA41CF-F67D-4FED-81EE-B620FD36D101}.Release|Any CPU.ActiveCfg = Release|Any CPU
		{C5CA41CF-F67D-4FED-81EE-B620FD36D101}.Release|Any CPU.Build.0 = Release|Any CPU
		{C43586EF-2DD3-44C6-A719-76525C425868}.Debug|Any CPU.ActiveCfg = Debug|Any CPU
		{C43586EF-2DD3-44C6-A719-76525C425868}.Debug|Any CPU.Build.0 = Debug|Any CPU
		{C43586EF-2DD3-44C6-A719-76525C425868}.net_4_0_Debug|Any CPU.ActiveCfg = Debug|Any CPU
		{C43586EF-2DD3-44C6-A719-76525C425868}.net_4_0_Debug|Any CPU.Build.0 = Debug|Any CPU
		{C43586EF-2DD3-44C6-A719-76525C425868}.net_4_0_Release|Any CPU.ActiveCfg = Release|Any CPU
		{C43586EF-2DD3-44C6-A719-76525C425868}.net_4_0_Release|Any CPU.Build.0 = Release|Any CPU
		{C43586EF-2DD3-44C6-A719-76525C425868}.net_4_5_Debug|Any CPU.ActiveCfg = Debug|Any CPU
		{C43586EF-2DD3-44C6-A719-76525C425868}.net_4_5_Debug|Any CPU.Build.0 = Debug|Any CPU
		{C43586EF-2DD3-44C6-A719-76525C425868}.net_4_5_Release|Any CPU.ActiveCfg = Release|Any CPU
		{C43586EF-2DD3-44C6-A719-76525C425868}.net_4_5_Release|Any CPU.Build.0 = Release|Any CPU
		{C43586EF-2DD3-44C6-A719-76525C425868}.Release|Any CPU.ActiveCfg = Release|Any CPU
		{C43586EF-2DD3-44C6-A719-76525C425868}.Release|Any CPU.Build.0 = Release|Any CPU
	EndGlobalSection
	GlobalSection(SolutionProperties) = preSolution
		HideSolutionNode = FALSE
	EndGlobalSection
EndGlobal
